
Microsoft Visual Studio Solution File, Format Version 12.00
# Visual Studio Version 17
VisualStudioVersion = 17.6.33829.357
MinimumVisualStudioVersion = 10.0.40219.1
Project("{9A19103F-16F7-4668-BE54-9A1E7A4F7556}") = "RailwayCompany", "RailwayCompany\RailwayCompany.csproj", "{F5E37118-0CE3-453E-971B-C5C6AACBE743}"
EndProject
Global
	GlobalSection(SolutionConfigurationPlatforms) = preSolution
		Debug|Any CPU = Debug|Any CPU
		Release|Any CPU = Release|Any CPU
	EndGlobalSection
	GlobalSection(ProjectConfigurationPlatforms) = postSolution
		{F5E37118-0CE3-453E-971B-C5C6AACBE743}.Debug|Any CPU.ActiveCfg = Debug|Any CPU
		{F5E37118-0CE3-453E-971B-C5C6AACBE743}.Debug|Any CPU.Build.0 = Debug|Any CPU
		{F5E37118-0CE3-453E-971B-C5C6AACBE743}.Release|Any CPU.ActiveCfg = Release|Any CPU
		{F5E37118-0CE3-453E-971B-C5C6AACBE743}.Release|Any CPU.Build.0 = Release|Any CPU
	EndGlobalSection
	GlobalSection(SolutionProperties) = preSolution
		HideSolutionNode = FALSE
	EndGlobalSection
	GlobalSection(ExtensibilityGlobals) = postSolution
		SolutionGuid = {65A2D218-32E5-43E9-9F3B-934E06F85FA2}
	EndGlobalSection
EndGlobal
